
Microsoft Visual Studio Solution File, Format Version 12.00
# Visual Studio 15
VisualStudioVersion = 15.0.28307.572
MinimumVisualStudioVersion = 10.0.40219.1
Project("{8BC9CEB8-8B4A-11D0-8D11-00A0C91BC942}") = "PGP3", "PGP3\PGP3.vcxproj", "{92DD65B8-6A97-401B-B61D-691D9FF41D1C}"
EndProject
Global
	GlobalSection(SolutionConfigurationPlatforms) = preSolution
		Debug|x64 = Debug|x64
		Release|x64 = Release|x64
	EndGlobalSection
	GlobalSection(ProjectConfigurationPlatforms) = postSolution
		{92DD65B8-6A97-401B-B61D-691D9FF41D1C}.Debug|x64.ActiveCfg = Debug|x64
		{92DD65B8-6A97-401B-B61D-691D9FF41D1C}.Debug|x64.Build.0 = Debug|x64
		{92DD65B8-6A97-401B-B61D-691D9FF41D1C}.Release|x64.ActiveCfg = Release|x64
		{92DD65B8-6A97-401B-B61D-691D9FF41D1C}.Release|x64.Build.0 = Release|x64
	EndGlobalSection
	GlobalSection(SolutionProperties) = preSolution
		HideSolutionNode = FALSE
	EndGlobalSection
	GlobalSection(ExtensibilityGlobals) = postSolution
		SolutionGuid = {086F3E30-B19D-4F4C-94FC-221BD5554256}
	EndGlobalSection
EndGlobal
